
Microsoft Visual Studio Solution File, Format Version 12.00
# Visual Studio Version 17
VisualStudioVersion = 17.9.34728.123
MinimumVisualStudioVersion = 10.0.40219.1
Project("{FAE04EC0-301F-11D3-BF4B-00C04F79EFBC}") = "Base_de_parque14-10", "Base_de_parque14-10\Base_de_parque14-10.csproj", "{8164DD0C-43F2-47AE-A635-E88FF9491DFF}"
EndProject
Global
	GlobalSection(SolutionConfigurationPlatforms) = preSolution
		Debug|Any CPU = Debug|Any CPU
		Release|Any CPU = Release|Any CPU
	EndGlobalSection
	GlobalSection(ProjectConfigurationPlatforms) = postSolution
		{8164DD0C-43F2-47AE-A635-E88FF9491DFF}.Debug|Any CPU.ActiveCfg = Debug|Any CPU
		{8164DD0C-43F2-47AE-A635-E88FF9491DFF}.Debug|Any CPU.Build.0 = Debug|Any CPU
		{8164DD0C-43F2-47AE-A635-E88FF9491DFF}.Release|Any CPU.ActiveCfg = Release|Any CPU
		{8164DD0C-43F2-47AE-A635-E88FF9491DFF}.Release|Any CPU.Build.0 = Release|Any CPU
	EndGlobalSection
	GlobalSection(SolutionProperties) = preSolution
		HideSolutionNode = FALSE
	EndGlobalSection
	GlobalSection(ExtensibilityGlobals) = postSolution
		SolutionGuid = {7330177C-8D45-4367-82EF-0925FF419936}
	EndGlobalSection
EndGlobal
